// !$*UTF8*$!
{
	archiveVersion = 1;
	classes = {
	};
	objectVersion = 48;
	objects = {

/* Begin PBXBuildFile section */
		AC03D464204D972B00C9AA16 /* LoadAttachment.swift in Sources */ = {isa = PBXBuildFile; fileRef = AC03D463204D972B00C9AA16 /* LoadAttachment.swift */; };
		AC03D468204EEB3E00C9AA16 /* LaunchViewController.swift in Sources */ = {isa = PBXBuildFile; fileRef = AC03D467204EEB3E00C9AA16 /* LaunchViewController.swift */; };
		AC321F4F204084FD0070D289 /* MKGradientGenerator.swift in Sources */ = {isa = PBXBuildFile; fileRef = AC321F4E204084FD0070D289 /* MKGradientGenerator.swift */; };
		AC321F51204085100070D289 /* MKRingProgressGroupButton.swift in Sources */ = {isa = PBXBuildFile; fileRef = AC321F50204085100070D289 /* MKRingProgressGroupButton.swift */; };
		AC321F55204085340070D289 /* MKRingProgressGroupView.swift in Sources */ = {isa = PBXBuildFile; fileRef = AC321F53204085340070D289 /* MKRingProgressGroupView.swift */; };
		AC321F56204085340070D289 /* MKRingProgressView.swift in Sources */ = {isa = PBXBuildFile; fileRef = AC321F54204085340070D289 /* MKRingProgressView.swift */; };
		AC321F822041B5B00070D289 /* LogFoodViewController.swift in Sources */ = {isa = PBXBuildFile; fileRef = AC321F812041B5B00070D289 /* LogFoodViewController.swift */; };
		AC39071920443D0D00EC644B /* NutrientTypeCoreDataHandler.swift in Sources */ = {isa = PBXBuildFile; fileRef = ACDD5D97202880C500076E5E /* NutrientTypeCoreDataHandler.swift */; };
		AC39434D2042208500EE31FA /* HomeTableViewCell.swift in Sources */ = {isa = PBXBuildFile; fileRef = AC39434C2042208500EE31FA /* HomeTableViewCell.swift */; };
		AC3943512042D58B00EE31FA /* SummaryDiaryCoreDataHandler.swift in Sources */ = {isa = PBXBuildFile; fileRef = AC3943502042D58B00EE31FA /* SummaryDiaryCoreDataHandler.swift */; };
		AC5C9BB320441BD700C26309 /* SettingViewController.swift in Sources */ = {isa = PBXBuildFile; fileRef = AC5C9BB220441BD700C26309 /* SettingViewController.swift */; };
		AC5C9BB620441C8100C26309 /* ImageSearchViewController.swift in Sources */ = {isa = PBXBuildFile; fileRef = AC5C9BB520441C8100C26309 /* ImageSearchViewController.swift */; };
		AC7E72512045B04B00D0393F /* HomeViewFunctions.swift in Sources */ = {isa = PBXBuildFile; fileRef = AC7E72502045B04B00D0393F /* HomeViewFunctions.swift */; };
		ACAD7E222046F81D0033FC30 /* Debug.swift in Sources */ = {isa = PBXBuildFile; fileRef = ACAD7E212046F81D0033FC30 /* Debug.swift */; };
		ACAD7E2420470A6F0033FC30 /* PersonalSettingCoreDataHandler.swift in Sources */ = {isa = PBXBuildFile; fileRef = ACAD7E2320470A6F0033FC30 /* PersonalSettingCoreDataHandler.swift */; };
		ACAD7E29204722950033FC30 /* GoalSettingTableViewCell.swift in Sources */ = {isa = PBXBuildFile; fileRef = ACAD7E28204722950033FC30 /* GoalSettingTableViewCell.swift */; };
		ACC078E42044B4A700A686EE /* HomeWaterBarView.swift in Sources */ = {isa = PBXBuildFile; fileRef = ACC078E32044B4A700A686EE /* HomeWaterBarView.swift */; };
		ACC078E62044B4F700A686EE /* HomeWaterBarView.xib in Resources */ = {isa = PBXBuildFile; fileRef = ACC078E52044B4F700A686EE /* HomeWaterBarView.xib */; };
		ACDD5D672028779F00076E5E /* AppDelegate.swift in Sources */ = {isa = PBXBuildFile; fileRef = ACDD5D662028779F00076E5E /* AppDelegate.swift */; };
		ACDD5D712028779F00076E5E /* Assets.xcassets in Resources */ = {isa = PBXBuildFile; fileRef = ACDD5D702028779F00076E5E /* Assets.xcassets */; };
		ACDD5D742028779F00076E5E /* LaunchScreen.storyboard in Resources */ = {isa = PBXBuildFile; fileRef = ACDD5D722028779F00076E5E /* LaunchScreen.storyboard */; };
		ACDD5D8420287E2300076E5E /* FoodInformationTableViewCell.swift in Sources */ = {isa = PBXBuildFile; fileRef = ACDD5D8120287E2300076E5E /* FoodInformationTableViewCell.swift */; };
		ACDD5D8520287E2300076E5E /* NutrientTypeSelectionViewController.swift in Sources */ = {isa = PBXBuildFile; fileRef = ACDD5D8220287E2300076E5E /* NutrientTypeSelectionViewController.swift */; };
		ACDD5D8620287E2300076E5E /* FoodInformationTableViewController.swift in Sources */ = {isa = PBXBuildFile; fileRef = ACDD5D8320287E2300076E5E /* FoodInformationTableViewController.swift */; };
		ACDD5D8920287E2C00076E5E /* CategoryDetailsViewController.swift in Sources */ = {isa = PBXBuildFile; fileRef = ACDD5D8720287E2C00076E5E /* CategoryDetailsViewController.swift */; };
		ACDD5D8A20287E2C00076E5E /* CategoryViewController.swift in Sources */ = {isa = PBXBuildFile; fileRef = ACDD5D8820287E2C00076E5E /* CategoryViewController.swift */; };
		ACDD5D8F20287ED700076E5E /* HomeViewController.swift in Sources */ = {isa = PBXBuildFile; fileRef = ACDD5D8E20287ED700076E5E /* HomeViewController.swift */; };
		ACDD5D9A202880C500076E5E /* NutrientSelectionSetting.swift in Sources */ = {isa = PBXBuildFile; fileRef = ACDD5D98202880C500076E5E /* NutrientSelectionSetting.swift */; };
		ACDD5D9D202880D200076E5E /* FoodInformation.swift in Sources */ = {isa = PBXBuildFile; fileRef = ACDD5D9B202880D200076E5E /* FoodInformation.swift */; };
		ACDD5D9E202880D200076E5E /* foodData.swift in Sources */ = {isa = PBXBuildFile; fileRef = ACDD5D9C202880D200076E5E /* foodData.swift */; };
		ACDD5DA1202880DE00076E5E /* NutrientDiaryCoreDataHandler.swift in Sources */ = {isa = PBXBuildFile; fileRef = ACDD5D9F202880DE00076E5E /* NutrientDiaryCoreDataHandler.swift */; };
		ACDD5DA2202880DE00076E5E /* NutrientDiary.swift in Sources */ = {isa = PBXBuildFile; fileRef = ACDD5DA0202880DE00076E5E /* NutrientDiary.swift */; };
		ACDD5DA72028815E00076E5E /* NatrualLanguageProcess.swift in Sources */ = {isa = PBXBuildFile; fileRef = ACDD5DA52028815E00076E5E /* NatrualLanguageProcess.swift */; };
		ACDD5DA82028815E00076E5E /* BagOfWords.swift in Sources */ = {isa = PBXBuildFile; fileRef = ACDD5DA62028815E00076E5E /* BagOfWords.swift */; };
		ACDD5DAA2028819D00076E5E /* Main.storyboard in Resources */ = {isa = PBXBuildFile; fileRef = ACDD5DA92028819D00076E5E /* Main.storyboard */; };
		ACDD5DAC202C9E4800076E5E /* datasetJSON.json in Resources */ = {isa = PBXBuildFile; fileRef = ACDD5DAB202C9E4800076E5E /* datasetJSON.json */; };
		ACDD5DAF202CA2E300076E5E /* NutrientBuddy.xcdatamodeld in Sources */ = {isa = PBXBuildFile; fileRef = ACDD5DAD202CA2E300076E5E /* NutrientBuddy.xcdatamodeld */; };
		ACDD5E022039CE9400076E5E /* SearchViewController.swift in Sources */ = {isa = PBXBuildFile; fileRef = ACDD5E012039CE9400076E5E /* SearchViewController.swift */; };
/* End PBXBuildFile section */

/* Begin PBXFileReference section */
		AC03D463204D972B00C9AA16 /* LoadAttachment.swift */ = {isa = PBXFileReference; lastKnownFileType = sourcecode.swift; path = LoadAttachment.swift; sourceTree = "<group>"; };
		AC03D467204EEB3E00C9AA16 /* LaunchViewController.swift */ = {isa = PBXFileReference; lastKnownFileType = sourcecode.swift; path = LaunchViewController.swift; sourceTree = "<group>"; };
		AC321F4E204084FD0070D289 /* MKGradientGenerator.swift */ = {isa = PBXFileReference; fileEncoding = 4; lastKnownFileType = sourcecode.swift; path = MKGradientGenerator.swift; sourceTree = "<group>"; };
		AC321F50204085100070D289 /* MKRingProgressGroupButton.swift */ = {isa = PBXFileReference; fileEncoding = 4; lastKnownFileType = sourcecode.swift; path = MKRingProgressGroupButton.swift; sourceTree = "<group>"; };
		AC321F53204085340070D289 /* MKRingProgressGroupView.swift */ = {isa = PBXFileReference; fileEncoding = 4; lastKnownFileType = sourcecode.swift; path = MKRingProgressGroupView.swift; sourceTree = "<group>"; };
		AC321F54204085340070D289 /* MKRingProgressView.swift */ = {isa = PBXFileReference; fileEncoding = 4; lastKnownFileType = sourcecode.swift; path = MKRingProgressView.swift; sourceTree = "<group>"; };
		AC321F812041B5B00070D289 /* LogFoodViewController.swift */ = {isa = PBXFileReference; lastKnownFileType = sourcecode.swift; path = LogFoodViewController.swift; sourceTree = "<group>"; };
		AC39434C2042208500EE31FA /* HomeTableViewCell.swift */ = {isa = PBXFileReference; lastKnownFileType = sourcecode.swift; path = HomeTableViewCell.swift; sourceTree = "<group>"; };
		AC3943502042D58B00EE31FA /* SummaryDiaryCoreDataHandler.swift */ = {isa = PBXFileReference; lastKnownFileType = sourcecode.swift; path = SummaryDiaryCoreDataHandler.swift; sourceTree = "<group>"; };
		AC5C9BB220441BD700C26309 /* SettingViewController.swift */ = {isa = PBXFileReference; lastKnownFileType = sourcecode.swift; path = SettingViewController.swift; sourceTree = "<group>"; };
		AC5C9BB520441C8100C26309 /* ImageSearchViewController.swift */ = {isa = PBXFileReference; lastKnownFileType = sourcecode.swift; path = ImageSearchViewController.swift; sourceTree = "<group>"; };
		AC7E72502045B04B00D0393F /* HomeViewFunctions.swift */ = {isa = PBXFileReference; lastKnownFileType = sourcecode.swift; path = HomeViewFunctions.swift; sourceTree = "<group>"; };
		ACAD7E212046F81D0033FC30 /* Debug.swift */ = {isa = PBXFileReference; lastKnownFileType = sourcecode.swift; path = Debug.swift; sourceTree = "<group>"; };
		ACAD7E2320470A6F0033FC30 /* PersonalSettingCoreDataHandler.swift */ = {isa = PBXFileReference; lastKnownFileType = sourcecode.swift; path = PersonalSettingCoreDataHandler.swift; sourceTree = "<group>"; };
		ACAD7E28204722950033FC30 /* GoalSettingTableViewCell.swift */ = {isa = PBXFileReference; lastKnownFileType = sourcecode.swift; path = GoalSettingTableViewCell.swift; sourceTree = "<group>"; };
		ACC078E32044B4A700A686EE /* HomeWaterBarView.swift */ = {isa = PBXFileReference; lastKnownFileType = sourcecode.swift; path = HomeWaterBarView.swift; sourceTree = "<group>"; };
		ACC078E52044B4F700A686EE /* HomeWaterBarView.xib */ = {isa = PBXFileReference; lastKnownFileType = file.xib; path = HomeWaterBarView.xib; sourceTree = "<group>"; };
		ACDD5D632028779F00076E5E /* NutrientBuddy.app */ = {isa = PBXFileReference; explicitFileType = wrapper.application; includeInIndex = 0; path = NutrientBuddy.app; sourceTree = BUILT_PRODUCTS_DIR; };
		ACDD5D662028779F00076E5E /* AppDelegate.swift */ = {isa = PBXFileReference; lastKnownFileType = sourcecode.swift; path = AppDelegate.swift; sourceTree = "<group>"; };
		ACDD5D702028779F00076E5E /* Assets.xcassets */ = {isa = PBXFileReference; lastKnownFileType = folder.assetcatalog; path = Assets.xcassets; sourceTree = "<group>"; };
		ACDD5D732028779F00076E5E /* Base */ = {isa = PBXFileReference; lastKnownFileType = file.storyboard; name = Base; path = Base.lproj/LaunchScreen.storyboard; sourceTree = "<group>"; };
		ACDD5D752028779F00076E5E /* Info.plist */ = {isa = PBXFileReference; lastKnownFileType = text.plist.xml; path = Info.plist; sourceTree = "<group>"; };
		ACDD5D8120287E2300076E5E /* FoodInformationTableViewCell.swift */ = {isa = PBXFileReference; fileEncoding = 4; lastKnownFileType = sourcecode.swift; path = FoodInformationTableViewCell.swift; sourceTree = "<group>"; };
		ACDD5D8220287E2300076E5E /* NutrientTypeSelectionViewController.swift */ = {isa = PBXFileReference; fileEncoding = 4; lastKnownFileType = sourcecode.swift; path = NutrientTypeSelectionViewController.swift; sourceTree = "<group>"; };
		ACDD5D8320287E2300076E5E /* FoodInformationTableViewController.swift */ = {isa = PBXFileReference; fileEncoding = 4; lastKnownFileType = sourcecode.swift; path = FoodInformationTableViewController.swift; sourceTree = "<group>"; };
		ACDD5D8720287E2C00076E5E /* CategoryDetailsViewController.swift */ = {isa = PBXFileReference; fileEncoding = 4; lastKnownFileType = sourcecode.swift; path = CategoryDetailsViewController.swift; sourceTree = "<group>"; };
		ACDD5D8820287E2C00076E5E /* CategoryViewController.swift */ = {isa = PBXFileReference; fileEncoding = 4; lastKnownFileType = sourcecode.swift; path = CategoryViewController.swift; sourceTree = "<group>"; };
		ACDD5D8E20287ED700076E5E /* HomeViewController.swift */ = {isa = PBXFileReference; fileEncoding = 4; lastKnownFileType = sourcecode.swift; path = HomeViewController.swift; sourceTree = "<group>"; };
		ACDD5D97202880C500076E5E /* NutrientTypeCoreDataHandler.swift */ = {isa = PBXFileReference; fileEncoding = 4; lastKnownFileType = sourcecode.swift; path = NutrientTypeCoreDataHandler.swift; sourceTree = "<group>"; };
		ACDD5D98202880C500076E5E /* NutrientSelectionSetting.swift */ = {isa = PBXFileReference; fileEncoding = 4; lastKnownFileType = sourcecode.swift; path = NutrientSelectionSetting.swift; sourceTree = "<group>"; };
		ACDD5D9B202880D200076E5E /* FoodInformation.swift */ = {isa = PBXFileReference; fileEncoding = 4; lastKnownFileType = sourcecode.swift; path = FoodInformation.swift; sourceTree = "<group>"; };
		ACDD5D9C202880D200076E5E /* foodData.swift */ = {isa = PBXFileReference; fileEncoding = 4; lastKnownFileType = sourcecode.swift; path = foodData.swift; sourceTree = "<group>"; };
		ACDD5D9F202880DE00076E5E /* NutrientDiaryCoreDataHandler.swift */ = {isa = PBXFileReference; fileEncoding = 4; lastKnownFileType = sourcecode.swift; path = NutrientDiaryCoreDataHandler.swift; sourceTree = "<group>"; };
		ACDD5DA0202880DE00076E5E /* NutrientDiary.swift */ = {isa = PBXFileReference; fileEncoding = 4; lastKnownFileType = sourcecode.swift; path = NutrientDiary.swift; sourceTree = "<group>"; };
		ACDD5DA52028815E00076E5E /* NatrualLanguageProcess.swift */ = {isa = PBXFileReference; fileEncoding = 4; lastKnownFileType = sourcecode.swift; path = NatrualLanguageProcess.swift; sourceTree = "<group>"; };
		ACDD5DA62028815E00076E5E /* BagOfWords.swift */ = {isa = PBXFileReference; fileEncoding = 4; lastKnownFileType = sourcecode.swift; path = BagOfWords.swift; sourceTree = "<group>"; };
		ACDD5DA92028819D00076E5E /* Main.storyboard */ = {isa = PBXFileReference; fileEncoding = 4; lastKnownFileType = file.storyboard; name = Main.storyboard; path = NutrientBuddy/View/Main.storyboard; sourceTree = SOURCE_ROOT; };
		ACDD5DAB202C9E4800076E5E /* datasetJSON.json */ = {isa = PBXFileReference; fileEncoding = 4; lastKnownFileType = text.json; path = datasetJSON.json; sourceTree = "<group>"; };
		ACDD5DAE202CA2E300076E5E /* NutrientBuddy.xcdatamodel */ = {isa = PBXFileReference; lastKnownFileType = wrapper.xcdatamodel; path = NutrientBuddy.xcdatamodel; sourceTree = "<group>"; };
		ACDD5E012039CE9400076E5E /* SearchViewController.swift */ = {isa = PBXFileReference; lastKnownFileType = sourcecode.swift; path = SearchViewController.swift; sourceTree = "<group>"; };
/* End PBXFileReference section */

/* Begin PBXFrameworksBuildPhase section */
		ACDD5D602028779F00076E5E /* Frameworks */ = {
			isa = PBXFrameworksBuildPhase;
			buildActionMask = 2147483647;
			files = (
			);
			runOnlyForDeploymentPostprocessing = 0;
		};
/* End PBXFrameworksBuildPhase section */

/* Begin PBXGroup section */
		AC03D469204EEB5000C9AA16 /* LaunchScreen */ = {
			isa = PBXGroup;
			children = (
				AC03D467204EEB3E00C9AA16 /* LaunchViewController.swift */,
			);
			path = LaunchScreen;
			sourceTree = "<group>";
		};
		AC321F52204085140070D289 /* MKRingProgressModel */ = {
			isa = PBXGroup;
			children = (
				AC321F4E204084FD0070D289 /* MKGradientGenerator.swift */,
				AC321F50204085100070D289 /* MKRingProgressGroupButton.swift */,
			);
			path = MKRingProgressModel;
			sourceTree = "<group>";
		};
		AC321F57204085470070D289 /* MKRingProgressView */ = {
			isa = PBXGroup;
			children = (
				AC321F53204085340070D289 /* MKRingProgressGroupView.swift */,
				AC321F54204085340070D289 /* MKRingProgressView.swift */,
			);
			path = MKRingProgressView;
			sourceTree = "<group>";
		};
		AC39434E2042281A00EE31FA /* Home */ = {
			isa = PBXGroup;
			children = (
				ACDD5D8E20287ED700076E5E /* HomeViewController.swift */,
				AC7E72502045B04B00D0393F /* HomeViewFunctions.swift */,
				AC39434C2042208500EE31FA /* HomeTableViewCell.swift */,
			);
			path = Home;
			sourceTree = "<group>";
		};
		AC39434F2042282800EE31FA /* LogFood */ = {
			isa = PBXGroup;
			children = (
				AC321F812041B5B00070D289 /* LogFoodViewController.swift */,
				AC5C9BB120441BA000C26309 /* Setting */,
			);
			path = LogFood;
			sourceTree = "<group>";
		};
		AC5C9BB120441BA000C26309 /* Setting */ = {
			isa = PBXGroup;
			children = (
				AC5C9BB220441BD700C26309 /* SettingViewController.swift */,
				ACAD7E28204722950033FC30 /* GoalSettingTableViewCell.swift */,
				ACDD5D8220287E2300076E5E /* NutrientTypeSelectionViewController.swift */,
			);
			path = Setting;
			sourceTree = "<group>";
		};
		AC5C9BB420441C6400C26309 /* ImageSearch */ = {
			isa = PBXGroup;
			children = (
				AC5C9BB520441C8100C26309 /* ImageSearchViewController.swift */,
			);
			path = ImageSearch;
			sourceTree = "<group>";
		};
		ACAD7E2520470A8B0033FC30 /* UserInformation */ = {
			isa = PBXGroup;
			children = (
				ACAD7E2320470A6F0033FC30 /* PersonalSettingCoreDataHandler.swift */,
			);
			path = UserInformation;
			sourceTree = "<group>";
		};
		ACC078E72044B56500A686EE /* HomeWaterBar */ = {
			isa = PBXGroup;
			children = (
				ACC078E32044B4A700A686EE /* HomeWaterBarView.swift */,
				ACC078E52044B4F700A686EE /* HomeWaterBarView.xib */,
			);
			path = HomeWaterBar;
			sourceTree = "<group>";
		};
		ACDD5D5A2028779F00076E5E = {
			isa = PBXGroup;
			children = (
				ACDD5D652028779F00076E5E /* NutrientBuddy */,
				ACDD5D642028779F00076E5E /* Products */,
			);
			sourceTree = "<group>";
		};
		ACDD5D642028779F00076E5E /* Products */ = {
			isa = PBXGroup;
			children = (
				ACDD5D632028779F00076E5E /* NutrientBuddy.app */,
			);
			name = Products;
			sourceTree = "<group>";
		};
		ACDD5D652028779F00076E5E /* NutrientBuddy */ = {
			isa = PBXGroup;
			children = (
				ACDD5DAD202CA2E300076E5E /* NutrientBuddy.xcdatamodeld */,
				ACAD7E212046F81D0033FC30 /* Debug.swift */,
				ACDD5D8B20287E5200076E5E /* Controller */,
				ACDD5D8020287D7A00076E5E /* View */,
				ACDD5D9420287FCD00076E5E /* Model */,
				ACDD5D662028779F00076E5E /* AppDelegate.swift */,
				ACDD5DAB202C9E4800076E5E /* datasetJSON.json */,
				ACDD5D702028779F00076E5E /* Assets.xcassets */,
				ACDD5D752028779F00076E5E /* Info.plist */,
			);
			path = NutrientBuddy;
			sourceTree = "<group>";
		};
		ACDD5D8020287D7A00076E5E /* View */ = {
			isa = PBXGroup;
			children = (
				ACDD5D722028779F00076E5E /* LaunchScreen.storyboard */,
				ACDD5DA92028819D00076E5E /* Main.storyboard */,
				ACC078E72044B56500A686EE /* HomeWaterBar */,
				AC321F57204085470070D289 /* MKRingProgressView */,
			);
			path = View;
			sourceTree = "<group>";
		};
		ACDD5D8B20287E5200076E5E /* Controller */ = {
			isa = PBXGroup;
			children = (
				ACDD5D9020287EE700076E5E /* MainControllers */,
				ACDD5DB2202CABC300076E5E /* SearchView */,
			);
			path = Controller;
			sourceTree = "<group>";
		};
		ACDD5D8C20287E6400076E5E /* DatabaseCategoryBrowse */ = {
			isa = PBXGroup;
			children = (
				ACDD5D8820287E2C00076E5E /* CategoryViewController.swift */,
				ACDD5D8720287E2C00076E5E /* CategoryDetailsViewController.swift */,
			);
			path = DatabaseCategoryBrowse;
			sourceTree = "<group>";
		};
		ACDD5D8D20287E8800076E5E /* FoodInformation */ = {
			isa = PBXGroup;
			children = (
				ACDD5D8320287E2300076E5E /* FoodInformationTableViewController.swift */,
				ACDD5D8120287E2300076E5E /* FoodInformationTableViewCell.swift */,
			);
			path = FoodInformation;
			sourceTree = "<group>";
		};
		ACDD5D9020287EE700076E5E /* MainControllers */ = {
			isa = PBXGroup;
			children = (
				AC03D469204EEB5000C9AA16 /* LaunchScreen */,
				AC39434E2042281A00EE31FA /* Home */,
				AC39434F2042282800EE31FA /* LogFood */,
			);
			path = MainControllers;
			sourceTree = "<group>";
		};
		ACDD5D9420287FCD00076E5E /* Model */ = {
			isa = PBXGroup;
			children = (
				AC03D463204D972B00C9AA16 /* LoadAttachment.swift */,
				ACAD7E2520470A8B0033FC30 /* UserInformation */,
				AC321F52204085140070D289 /* MKRingProgressModel */,
				ACDD5DA42028812F00076E5E /* Search */,
				ACDD5DA3202880E300076E5E /* NutrientDiary */,
				ACDD5D9620287FE900076E5E /* NutrientSelection */,
				ACDD5D9520287FD900076E5E /* LoadDatabase */,
			);
			path = Model;
			sourceTree = "<group>";
		};
		ACDD5D9520287FD900076E5E /* LoadDatabase */ = {
			isa = PBXGroup;
			children = (
				ACDD5D9C202880D200076E5E /* foodData.swift */,
				ACDD5D9B202880D200076E5E /* FoodInformation.swift */,
			);
			path = LoadDatabase;
			sourceTree = "<group>";
		};
		ACDD5D9620287FE900076E5E /* NutrientSelection */ = {
			isa = PBXGroup;
			children = (
				ACDD5D97202880C500076E5E /* NutrientTypeCoreDataHandler.swift */,
				ACDD5D98202880C500076E5E /* NutrientSelectionSetting.swift */,
			);
			path = NutrientSelection;
			sourceTree = "<group>";
		};
		ACDD5DA3202880E300076E5E /* NutrientDiary */ = {
			isa = PBXGroup;
			children = (
				ACDD5DA0202880DE00076E5E /* NutrientDiary.swift */,
				ACDD5D9F202880DE00076E5E /* NutrientDiaryCoreDataHandler.swift */,
				AC3943502042D58B00EE31FA /* SummaryDiaryCoreDataHandler.swift */,
			);
			path = NutrientDiary;
			sourceTree = "<group>";
		};
		ACDD5DA42028812F00076E5E /* Search */ = {
			isa = PBXGroup;
			children = (
				ACDD5DA62028815E00076E5E /* BagOfWords.swift */,
				ACDD5DA52028815E00076E5E /* NatrualLanguageProcess.swift */,
			);
			path = Search;
			sourceTree = "<group>";
		};
		ACDD5DB2202CABC300076E5E /* SearchView */ = {
			isa = PBXGroup;
			children = (
				ACDD5E012039CE9400076E5E /* SearchViewController.swift */,
				AC5C9BB420441C6400C26309 /* ImageSearch */,
				ACDD5D8C20287E6400076E5E /* DatabaseCategoryBrowse */,
				ACDD5D8D20287E8800076E5E /* FoodInformation */,
			);
			path = SearchView;
			sourceTree = "<group>";
		};
/* End PBXGroup section */

/* Begin PBXNativeTarget section */
		ACDD5D622028779F00076E5E /* NutrientBuddy */ = {
			isa = PBXNativeTarget;
			buildConfigurationList = ACDD5D782028779F00076E5E /* Build configuration list for PBXNativeTarget "NutrientBuddy" */;
			buildPhases = (
				ACDD5D5F2028779F00076E5E /* Sources */,
				ACDD5D602028779F00076E5E /* Frameworks */,
				ACDD5D612028779F00076E5E /* Resources */,
			);
			buildRules = (
			);
			dependencies = (
			);
			name = NutrientBuddy;
			productName = NutrientBuddy;
			productReference = ACDD5D632028779F00076E5E /* NutrientBuddy.app */;
			productType = "com.apple.product-type.application";
		};
/* End PBXNativeTarget section */

/* Begin PBXProject section */
		ACDD5D5B2028779F00076E5E /* Project object */ = {
			isa = PBXProject;
			attributes = {
				LastSwiftUpdateCheck = 0920;
				LastUpgradeCheck = 0920;
				ORGANIZATIONNAME = "Gemma Jing";
				TargetAttributes = {
					ACDD5D622028779F00076E5E = {
						CreatedOnToolsVersion = 9.2;
						ProvisioningStyle = Automatic;
					};
				};
			};
			buildConfigurationList = ACDD5D5E2028779F00076E5E /* Build configuration list for PBXProject "NutrientBuddy" */;
			compatibilityVersion = "Xcode 8.0";
			developmentRegion = en;
			hasScannedForEncodings = 0;
			knownRegions = (
				en,
				Base,
			);
			mainGroup = ACDD5D5A2028779F00076E5E;
			productRefGroup = ACDD5D642028779F00076E5E /* Products */;
			projectDirPath = "";
			projectRoot = "";
			targets = (
				ACDD5D622028779F00076E5E /* NutrientBuddy */,
			);
		};
/* End PBXProject section */

/* Begin PBXResourcesBuildPhase section */
		ACDD5D612028779F00076E5E /* Resources */ = {
			isa = PBXResourcesBuildPhase;
			buildActionMask = 2147483647;
			files = (
				ACC078E62044B4F700A686EE /* HomeWaterBarView.xib in Resources */,
				ACDD5DAC202C9E4800076E5E /* datasetJSON.json in Resources */,
				ACDD5DAA2028819D00076E5E /* Main.storyboard in Resources */,
				ACDD5D742028779F00076E5E /* LaunchScreen.storyboard in Resources */,
				ACDD5D712028779F00076E5E /* Assets.xcassets in Resources */,
			);
			runOnlyForDeploymentPostprocessing = 0;
		};
/* End PBXResourcesBuildPhase section */

/* Begin PBXSourcesBuildPhase section */
		ACDD5D5F2028779F00076E5E /* Sources */ = {
			isa = PBXSourcesBuildPhase;
			buildActionMask = 2147483647;
			files = (
				AC321F51204085100070D289 /* MKRingProgressGroupButton.swift in Sources */,
				ACDD5D8620287E2300076E5E /* FoodInformationTableViewController.swift in Sources */,
				ACDD5DA1202880DE00076E5E /* NutrientDiaryCoreDataHandler.swift in Sources */,
				ACDD5D8920287E2C00076E5E /* CategoryDetailsViewController.swift in Sources */,
				AC3943512042D58B00EE31FA /* SummaryDiaryCoreDataHandler.swift in Sources */,
				AC03D464204D972B00C9AA16 /* LoadAttachment.swift in Sources */,
				ACDD5D8A20287E2C00076E5E /* CategoryViewController.swift in Sources */,
				ACDD5DAF202CA2E300076E5E /* NutrientBuddy.xcdatamodeld in Sources */,
				ACDD5D9A202880C500076E5E /* NutrientSelectionSetting.swift in Sources */,
				AC7E72512045B04B00D0393F /* HomeViewFunctions.swift in Sources */,
				AC321F56204085340070D289 /* MKRingProgressView.swift in Sources */,
				ACDD5D8420287E2300076E5E /* FoodInformationTableViewCell.swift in Sources */,
				AC5C9BB320441BD700C26309 /* SettingViewController.swift in Sources */,
				AC39434D2042208500EE31FA /* HomeTableViewCell.swift in Sources */,
				ACDD5D672028779F00076E5E /* AppDelegate.swift in Sources */,
				ACAD7E222046F81D0033FC30 /* Debug.swift in Sources */,
				AC321F55204085340070D289 /* MKRingProgressGroupView.swift in Sources */,
				ACDD5D8F20287ED700076E5E /* HomeViewController.swift in Sources */,
				AC321F822041B5B00070D289 /* LogFoodViewController.swift in Sources */,
				AC03D468204EEB3E00C9AA16 /* LaunchViewController.swift in Sources */,
				ACAD7E2420470A6F0033FC30 /* PersonalSettingCoreDataHandler.swift in Sources */,
				AC5C9BB620441C8100C26309 /* ImageSearchViewController.swift in Sources */,
				ACDD5D9E202880D200076E5E /* foodData.swift in Sources */,
				ACDD5DA82028815E00076E5E /* BagOfWords.swift in Sources */,
				ACDD5E022039CE9400076E5E /* SearchViewController.swift in Sources */,
				ACC078E42044B4A700A686EE /* HomeWaterBarView.swift in Sources */,
				ACDD5D9D202880D200076E5E /* FoodInformation.swift in Sources */,
				ACDD5DA2202880DE00076E5E /* NutrientDiary.swift in Sources */,
				ACDD5D8520287E2300076E5E /* NutrientTypeSelectionViewController.swift in Sources */,
				ACDD5DA72028815E00076E5E /* NatrualLanguageProcess.swift in Sources */,
				ACAD7E29204722950033FC30 /* GoalSettingTableViewCell.swift in Sources */,
				AC39071920443D0D00EC644B /* NutrientTypeCoreDataHandler.swift in Sources */,
				AC321F4F204084FD0070D289 /* MKGradientGenerator.swift in Sources */,
			);
			runOnlyForDeploymentPostprocessing = 0;
		};
/* End PBXSourcesBuildPhase section */

/* Begin PBXVariantGroup section */
		ACDD5D722028779F00076E5E /* LaunchScreen.storyboard */ = {
			isa = PBXVariantGroup;
			children = (
				ACDD5D732028779F00076E5E /* Base */,
			);
			name = LaunchScreen.storyboard;
			sourceTree = "<group>";
		};
/* End PBXVariantGroup section */

/* Begin XCBuildConfiguration section */
		ACDD5D762028779F00076E5E /* Debug */ = {
			isa = XCBuildConfiguration;
			buildSettings = {
				ALWAYS_SEARCH_USER_PATHS = NO;
				CLANG_ANALYZER_NONNULL = YES;
				CLANG_ANALYZER_NUMBER_OBJECT_CONVERSION = YES_AGGRESSIVE;
				CLANG_CXX_LANGUAGE_STANDARD = "gnu++14";
				CLANG_CXX_LIBRARY = "libc++";
				CLANG_ENABLE_MODULES = YES;
				CLANG_ENABLE_OBJC_ARC = YES;
				CLANG_WARN_BLOCK_CAPTURE_AUTORELEASING = YES;
				CLANG_WARN_BOOL_CONVERSION = YES;
				CLANG_WARN_COMMA = YES;
				CLANG_WARN_CONSTANT_CONVERSION = YES;
				CLANG_WARN_DIRECT_OBJC_ISA_USAGE = YES_ERROR;
				CLANG_WARN_DOCUMENTATION_COMMENTS = YES;
				CLANG_WARN_EMPTY_BODY = YES;
				CLANG_WARN_ENUM_CONVERSION = YES;
				CLANG_WARN_INFINITE_RECURSION = YES;
				CLANG_WARN_INT_CONVERSION = YES;
				CLANG_WARN_NON_LITERAL_NULL_CONVERSION = YES;
				CLANG_WARN_OBJC_LITERAL_CONVERSION = YES;
				CLANG_WARN_OBJC_ROOT_CLASS = YES_ERROR;
				CLANG_WARN_RANGE_LOOP_ANALYSIS = YES;
				CLANG_WARN_STRICT_PROTOTYPES = YES;
				CLANG_WARN_SUSPICIOUS_MOVE = YES;
				CLANG_WARN_UNGUARDED_AVAILABILITY = YES_AGGRESSIVE;
				CLANG_WARN_UNREACHABLE_CODE = YES;
				CLANG_WARN__DUPLICATE_METHOD_MATCH = YES;
				CODE_SIGN_IDENTITY = "iPhone Developer";
				COPY_PHASE_STRIP = NO;
				DEBUG_INFORMATION_FORMAT = dwarf;
				ENABLE_STRICT_OBJC_MSGSEND = YES;
				ENABLE_TESTABILITY = YES;
				GCC_C_LANGUAGE_STANDARD = gnu11;
				GCC_DYNAMIC_NO_PIC = NO;
				GCC_NO_COMMON_BLOCKS = YES;
				GCC_OPTIMIZATION_LEVEL = 0;
				GCC_PREPROCESSOR_DEFINITIONS = (
					"DEBUG=1",
					"$(inherited)",
				);
				GCC_WARN_64_TO_32_BIT_CONVERSION = YES;
				GCC_WARN_ABOUT_RETURN_TYPE = YES_ERROR;
				GCC_WARN_UNDECLARED_SELECTOR = YES;
				GCC_WARN_UNINITIALIZED_AUTOS = YES_AGGRESSIVE;
				GCC_WARN_UNUSED_FUNCTION = YES;
				GCC_WARN_UNUSED_VARIABLE = YES;
				IPHONEOS_DEPLOYMENT_TARGET = 11.2;
				MTL_ENABLE_DEBUG_INFO = YES;
				ONLY_ACTIVE_ARCH = YES;
				SDKROOT = iphoneos;
				SWIFT_ACTIVE_COMPILATION_CONDITIONS = DEBUG;
				SWIFT_OPTIMIZATION_LEVEL = "-Onone";
			};
			name = Debug;
		};
		ACDD5D772028779F00076E5E /* Release */ = {
			isa = XCBuildConfiguration;
			buildSettings = {
				ALWAYS_SEARCH_USER_PATHS = NO;
				CLANG_ANALYZER_NONNULL = YES;
				CLANG_ANALYZER_NUMBER_OBJECT_CONVERSION = YES_AGGRESSIVE;
				CLANG_CXX_LANGUAGE_STANDARD = "gnu++14";
				CLANG_CXX_LIBRARY = "libc++";
				CLANG_ENABLE_MODULES = YES;
				CLANG_ENABLE_OBJC_ARC = YES;
				CLANG_WARN_BLOCK_CAPTURE_AUTORELEASING = YES;
				CLANG_WARN_BOOL_CONVERSION = YES;
				CLANG_WARN_COMMA = YES;
				CLANG_WARN_CONSTANT_CONVERSION = YES;
				CLANG_WARN_DIRECT_OBJC_ISA_USAGE = YES_ERROR;
				CLANG_WARN_DOCUMENTATION_COMMENTS = YES;
				CLANG_WARN_EMPTY_BODY = YES;
				CLANG_WARN_ENUM_CONVERSION = YES;
				CLANG_WARN_INFINITE_RECURSION = YES;
				CLANG_WARN_INT_CONVERSION = YES;
				CLANG_WARN_NON_LITERAL_NULL_CONVERSION = YES;
				CLANG_WARN_OBJC_LITERAL_CONVERSION = YES;
				CLANG_WARN_OBJC_ROOT_CLASS = YES_ERROR;
				CLANG_WARN_RANGE_LOOP_ANALYSIS = YES;
				CLANG_WARN_STRICT_PROTOTYPES = YES;
				CLANG_WARN_SUSPICIOUS_MOVE = YES;
				CLANG_WARN_UNGUARDED_AVAILABILITY = YES_AGGRESSIVE;
				CLANG_WARN_UNREACHABLE_CODE = YES;
				CLANG_WARN__DUPLICATE_METHOD_MATCH = YES;
				CODE_SIGN_IDENTITY = "iPhone Developer";
				COPY_PHASE_STRIP = NO;
				DEBUG_INFORMATION_FORMAT = "dwarf-with-dsym";
				ENABLE_NS_ASSERTIONS = NO;
				ENABLE_STRICT_OBJC_MSGSEND = YES;
				GCC_C_LANGUAGE_STANDARD = gnu11;
				GCC_NO_COMMON_BLOCKS = YES;
				GCC_WARN_64_TO_32_BIT_CONVERSION = YES;
				GCC_WARN_ABOUT_RETURN_TYPE = YES_ERROR;
				GCC_WARN_UNDECLARED_SELECTOR = YES;
				GCC_WARN_UNINITIALIZED_AUTOS = YES_AGGRESSIVE;
				GCC_WARN_UNUSED_FUNCTION = YES;
				GCC_WARN_UNUSED_VARIABLE = YES;
				IPHONEOS_DEPLOYMENT_TARGET = 11.2;
				MTL_ENABLE_DEBUG_INFO = NO;
				SDKROOT = iphoneos;
				SWIFT_OPTIMIZATION_LEVEL = "-Owholemodule";
				VALIDATE_PRODUCT = YES;
			};
			name = Release;
		};
		ACDD5D792028779F00076E5E /* Debug */ = {
			isa = XCBuildConfiguration;
			buildSettings = {
				ASSETCATALOG_COMPILER_APPICON_NAME = AppIcon;
				CODE_SIGN_STYLE = Automatic;
				DEVELOPMENT_TEAM = N5Q7439Z5X;
				INFOPLIST_FILE = NutrientBuddy/Info.plist;
				LD_RUNPATH_SEARCH_PATHS = "$(inherited) @executable_path/Frameworks";
				PRODUCT_BUNDLE_IDENTIFIER = com.GemmaJing.NutrientBuddy;
				PRODUCT_NAME = "$(TARGET_NAME)";
				SWIFT_VERSION = 4.0;
				TARGETED_DEVICE_FAMILY = "1,2";
			};
			name = Debug;
		};
		ACDD5D7A2028779F00076E5E /* Release */ = {
			isa = XCBuildConfiguration;
			buildSettings = {
				ASSETCATALOG_COMPILER_APPICON_NAME = AppIcon;
				CODE_SIGN_STYLE = Automatic;
				DEVELOPMENT_TEAM = N5Q7439Z5X;
				INFOPLIST_FILE = NutrientBuddy/Info.plist;
				LD_RUNPATH_SEARCH_PATHS = "$(inherited) @executable_path/Frameworks";
				PRODUCT_BUNDLE_IDENTIFIER = com.GemmaJing.NutrientBuddy;
				PRODUCT_NAME = "$(TARGET_NAME)";
				SWIFT_VERSION = 4.0;
				TARGETED_DEVICE_FAMILY = "1,2";
			};
			name = Release;
		};
/* End XCBuildConfiguration section */

/* Begin XCConfigurationList section */
		ACDD5D5E2028779F00076E5E /* Build configuration list for PBXProject "NutrientBuddy" */ = {
			isa = XCConfigurationList;
			buildConfigurations = (
				ACDD5D762028779F00076E5E /* Debug */,
				ACDD5D772028779F00076E5E /* Release */,
			);
			defaultConfigurationIsVisible = 0;
			defaultConfigurationName = Release;
		};
		ACDD5D782028779F00076E5E /* Build configuration list for PBXNativeTarget "NutrientBuddy" */ = {
			isa = XCConfigurationList;
			buildConfigurations = (
				ACDD5D792028779F00076E5E /* Debug */,
				ACDD5D7A2028779F00076E5E /* Release */,
			);
			defaultConfigurationIsVisible = 0;
			defaultConfigurationName = Release;
		};
/* End XCConfigurationList section */

/* Begin XCVersionGroup section */
		ACDD5DAD202CA2E300076E5E /* NutrientBuddy.xcdatamodeld */ = {
			isa = XCVersionGroup;
			children = (
				ACDD5DAE202CA2E300076E5E /* NutrientBuddy.xcdatamodel */,
			);
			currentVersion = ACDD5DAE202CA2E300076E5E /* NutrientBuddy.xcdatamodel */;
			name = NutrientBuddy.xcdatamodeld;
			path = Model/NutrientSelection/NutrientBuddy.xcdatamodeld;
			sourceTree = "<group>";
			versionGroupType = wrapper.xcdatamodel;
		};
/* End XCVersionGroup section */
	};
	rootObject = ACDD5D5B2028779F00076E5E /* Project object */;
}
